Microsoft Visual Studio Solution File, Format Version 12.00
# Visual Studio Version 17
VisualStudioVersion = 17.5.2.0
MinimumVisualStudioVersion = 10.0.40219.1
Project("{FAE04EC0-301F-11D3-BF4B-00C04F79EFBC}") = "fnValidaCpf", "fnValidaCpf.csproj", "{A30A5FDB-4AFB-0564-B0EC-8BE7A1F0FFE2}"
EndProject
Global
	GlobalSection(SolutionConfigurationPlatforms) = preSolution
		Debug|Any CPU = Debug|Any CPU
		Release|Any CPU = Release|Any CPU
	EndGlobalSection
	GlobalSection(ProjectConfigurationPlatforms) = postSolution
		{A30A5FDB-4AFB-0564-B0EC-8BE7A1F0FFE2}.Debug|Any CPU.ActiveCfg = Debug|Any CPU
		{A30A5FDB-4AFB-0564-B0EC-8BE7A1F0FFE2}.Debug|Any CPU.Build.0 = Debug|Any CPU
		{A30A5FDB-4AFB-0564-B0EC-8BE7A1F0FFE2}.Release|Any CPU.ActiveCfg = Release|Any CPU
		{A30A5FDB-4AFB-0564-B0EC-8BE7A1F0FFE2}.Release|Any CPU.Build.0 = Release|Any CPU
	EndGlobalSection
	GlobalSection(SolutionProperties) = preSolution
		HideSolutionNode = FALSE
	EndGlobalSection
	GlobalSection(ExtensibilityGlobals) = postSolution
		SolutionGuid = {F468D16B-6CEC-49FC-8433-FA3AFE24A4A1}
	EndGlobalSection
EndGlobal
